
Microsoft Visual Studio Solution File, Format Version 12.00
# Visual Studio 14
VisualStudioVersion = 14.0.25123.0
MinimumVisualStudioVersion = 10.0.40219.1
Project("{FAE04EC0-301F-11D3-BF4B-00C04F79EFBC}") = "Task9", "Task9\Task9.csproj", "{388BC6F8-E52B-4C2D-BFA0-65F6D2C19CAA}"
EndProject
Global
	GlobalSection(SolutionConfigurationPlatforms) = preSolution
		Debug|Any CPU = Debug|Any CPU
		Release|Any CPU = Release|Any CPU
	EndGlobalSection
	GlobalSection(ProjectConfigurationPlatforms) = postSolution
		{388BC6F8-E52B-4C2D-BFA0-65F6D2C19CAA}.Debug|Any CPU.ActiveCfg = Debug|Any CPU
		{388BC6F8-E52B-4C2D-BFA0-65F6D2C19CAA}.Debug|Any CPU.Build.0 = Debug|Any CPU
		{388BC6F8-E52B-4C2D-BFA0-65F6D2C19CAA}.Release|Any CPU.ActiveCfg = Release|Any CPU
		{388BC6F8-E52B-4C2D-BFA0-65F6D2C19CAA}.Release|Any CPU.Build.0 = Release|Any CPU
	EndGlobalSection
	GlobalSection(SolutionProperties) = preSolution
		HideSolutionNode = FALSE
	EndGlobalSection
EndGlobal
